// !$*UTF8*$!
{
	archiveVersion = 1;
	classes = {
	};
	objectVersion = 51;
	objects = {

/* Begin PBXBuildFile section */
		7201047B253AF76A00D0F3F4 /* AppDelegate.swift in Sources */ = {isa = PBXBuildFile; fileRef = 7201047A253AF76A00D0F3F4 /* AppDelegate.swift */; };
		7201047F253AF76A00D0F3F4 /* ViewController.swift in Sources */ = {isa = PBXBuildFile; fileRef = 7201047E253AF76A00D0F3F4 /* ViewController.swift */; };
		72010482253AF76A00D0F3F4 /* Main.storyboard in Resources */ = {isa = PBXBuildFile; fileRef = 72010480253AF76A00D0F3F4 /* Main.storyboard */; };
		72010484253AF76B00D0F3F4 /* Assets.xcassets in Resources */ = {isa = PBXBuildFile; fileRef = 72010483253AF76B00D0F3F4 /* Assets.xcassets */; };
		72010487253AF76B00D0F3F4 /* LaunchScreen.storyboard in Resources */ = {isa = PBXBuildFile; fileRef = 72010485253AF76B00D0F3F4 /* LaunchScreen.storyboard */; };
		7201048F253AF7BB00D0F3F4 /* MainTabBarController.swift in Sources */ = {isa = PBXBuildFile; fileRef = 7201048E253AF7BB00D0F3F4 /* MainTabBarController.swift */; };
		72010492253C081F00D0F3F4 /* PodcastsSearchController.swift in Sources */ = {isa = PBXBuildFile; fileRef = 72010491253C081F00D0F3F4 /* PodcastsSearchController.swift */; };
		72010495253C0AC300D0F3F4 /* Podcast.swift in Sources */ = {isa = PBXBuildFile; fileRef = 72010494253C0AC300D0F3F4 /* Podcast.swift */; };
		7227B85C2544C35100439A17 /* String.swift in Sources */ = {isa = PBXBuildFile; fileRef = 7227B85B2544C35100439A17 /* String.swift */; };
		7227B85E2544C47900439A17 /* RSSFeed.swift in Sources */ = {isa = PBXBuildFile; fileRef = 7227B85D2544C47900439A17 /* RSSFeed.swift */; };
		7248C2A1253F84050063B0C4 /* PodcastCell.xib in Resources */ = {isa = PBXBuildFile; fileRef = 7248C2A0253F84050063B0C4 /* PodcastCell.xib */; };
		7248C2A3253F864F0063B0C4 /* PodcastCell.swift in Sources */ = {isa = PBXBuildFile; fileRef = 7248C2A2253F864F0063B0C4 /* PodcastCell.swift */; };
		72A67BA42542F356007E9FF5 /* Episode.swift in Sources */ = {isa = PBXBuildFile; fileRef = 72A67BA32542F356007E9FF5 /* Episode.swift */; };
		72A67BA72542F712007E9FF5 /* EpisodeCell.swift in Sources */ = {isa = PBXBuildFile; fileRef = 72A67BA52542F712007E9FF5 /* EpisodeCell.swift */; };
		72A67BA82542F712007E9FF5 /* EpisodeCell.xib in Resources */ = {isa = PBXBuildFile; fileRef = 72A67BA62542F712007E9FF5 /* EpisodeCell.xib */; };
		72AE62B32541813700421131 /* UIColor+hexColor.swift in Sources */ = {isa = PBXBuildFile; fileRef = 72AE62B22541813700421131 /* UIColor+hexColor.swift */; };
		72B2B4AA2541871000F4AFC2 /* EpisodesController.swift in Sources */ = {isa = PBXBuildFile; fileRef = 72B2B4A92541871000F4AFC2 /* EpisodesController.swift */; };
		72B83503253F174200351DA6 /* APIService.swift in Sources */ = {isa = PBXBuildFile; fileRef = 72B83502253F174200351DA6 /* APIService.swift */; };
		FC67FB1BB9105DBA21DE6725 /* Pods_Podcast.framework in Frameworks */ = {isa = PBXBuildFile; fileRef = 62CE86B29B706710767279AF /* Pods_Podcast.framework */; };
/* End PBXBuildFile section */

/* Begin PBXFileReference section */
		3EBD5A1EB1EA7942C1F32D83 /* Pods-Podcast.debug.xcconfig */ = {isa = PBXFileReference; includeInIndex = 1; lastKnownFileType = text.xcconfig; name = "Pods-Podcast.debug.xcconfig"; path = "Target Support Files/Pods-Podcast/Pods-Podcast.debug.xcconfig"; sourceTree = "<group>"; };
		62CE86B29B706710767279AF /* Pods_Podcast.framework */ = {isa = PBXFileReference; explicitFileType = wrapper.framework; includeInIndex = 0; path = Pods_Podcast.framework; sourceTree = BUILT_PRODUCTS_DIR; };
		72010477253AF76A00D0F3F4 /* Podcast.app */ = {isa = PBXFileReference; explicitFileType = wrapper.application; includeInIndex = 0; path = Podcast.app; sourceTree = BUILT_PRODUCTS_DIR; };
		7201047A253AF76A00D0F3F4 /* AppDelegate.swift */ = {isa = PBXFileReference; lastKnownFileType = sourcecode.swift; path = AppDelegate.swift; sourceTree = "<group>"; };
		7201047E253AF76A00D0F3F4 /* ViewController.swift */ = {isa = PBXFileReference; lastKnownFileType = sourcecode.swift; path = ViewController.swift; sourceTree = "<group>"; };
		72010481253AF76A00D0F3F4 /* Base */ = {isa = PBXFileReference; lastKnownFileType = file.storyboard; name = Base; path = Base.lproj/Main.storyboard; sourceTree = "<group>"; };
		72010483253AF76B00D0F3F4 /* Assets.xcassets */ = {isa = PBXFileReference; lastKnownFileType = folder.assetcatalog; path = Assets.xcassets; sourceTree = "<group>"; };
		72010486253AF76B00D0F3F4 /* Base */ = {isa = PBXFileReference; lastKnownFileType = file.storyboard; name = Base; path = Base.lproj/LaunchScreen.storyboard; sourceTree = "<group>"; };
		72010488253AF76B00D0F3F4 /* Info.plist */ = {isa = PBXFileReference; lastKnownFileType = text.plist.xml; path = Info.plist; sourceTree = "<group>"; };
		7201048E253AF7BB00D0F3F4 /* MainTabBarController.swift */ = {isa = PBXFileReference; lastKnownFileType = sourcecode.swift; path = MainTabBarController.swift; sourceTree = "<group>"; };
		72010491253C081F00D0F3F4 /* PodcastsSearchController.swift */ = {isa = PBXFileReference; lastKnownFileType = sourcecode.swift; path = PodcastsSearchController.swift; sourceTree = "<group>"; };
		72010494253C0AC300D0F3F4 /* Podcast.swift */ = {isa = PBXFileReference; lastKnownFileType = sourcecode.swift; path = Podcast.swift; sourceTree = "<group>"; };
		7227B85B2544C35100439A17 /* String.swift */ = {isa = PBXFileReference; lastKnownFileType = sourcecode.swift; path = String.swift; sourceTree = "<group>"; };
		7227B85D2544C47900439A17 /* RSSFeed.swift */ = {isa = PBXFileReference; lastKnownFileType = sourcecode.swift; path = RSSFeed.swift; sourceTree = "<group>"; };
		7248C2A0253F84050063B0C4 /* PodcastCell.xib */ = {isa = PBXFileReference; lastKnownFileType = file.xib; path = PodcastCell.xib; sourceTree = "<group>"; };
		7248C2A2253F864F0063B0C4 /* PodcastCell.swift */ = {isa = PBXFileReference; lastKnownFileType = sourcecode.swift; path = PodcastCell.swift; sourceTree = "<group>"; };
		72A67BA32542F356007E9FF5 /* Episode.swift */ = {isa = PBXFileReference; lastKnownFileType = sourcecode.swift; path = Episode.swift; sourceTree = "<group>"; };
		72A67BA52542F712007E9FF5 /* EpisodeCell.swift */ = {isa = PBXFileReference; lastKnownFileType = sourcecode.swift; path = EpisodeCell.swift; sourceTree = "<group>"; };
		72A67BA62542F712007E9FF5 /* EpisodeCell.xib */ = {isa = PBXFileReference; lastKnownFileType = file.xib; path = EpisodeCell.xib; sourceTree = "<group>"; };
		72AE62B22541813700421131 /* UIColor+hexColor.swift */ = {isa = PBXFileReference; lastKnownFileType = sourcecode.swift; path = "UIColor+hexColor.swift"; sourceTree = "<group>"; };
		72B2B4A92541871000F4AFC2 /* EpisodesController.swift */ = {isa = PBXFileReference; lastKnownFileType = sourcecode.swift; path = EpisodesController.swift; sourceTree = "<group>"; };
		72B83502253F174200351DA6 /* APIService.swift */ = {isa = PBXFileReference; lastKnownFileType = sourcecode.swift; path = APIService.swift; sourceTree = "<group>"; };
		C8565D218B9ECADB7C14E065 /* Pods-Podcast.release.xcconfig */ = {isa = PBXFileReference; includeInIndex = 1; lastKnownFileType = text.xcconfig; name = "Pods-Podcast.release.xcconfig"; path = "Target Support Files/Pods-Podcast/Pods-Podcast.release.xcconfig"; sourceTree = "<group>"; };
/* End PBXFileReference section */

/* Begin PBXFrameworksBuildPhase section */
		72010474253AF76A00D0F3F4 /* Frameworks */ = {
			isa = PBXFrameworksBuildPhase;
			buildActionMask = 2147483647;
			files = (
				FC67FB1BB9105DBA21DE6725 /* Pods_Podcast.framework in Frameworks */,
			);
			runOnlyForDeploymentPostprocessing = 0;
		};
/* End PBXFrameworksBuildPhase section */

/* Begin PBXGroup section */
		477DA7C76D9362159CF09BA7 /* Frameworks */ = {
			isa = PBXGroup;
			children = (
				62CE86B29B706710767279AF /* Pods_Podcast.framework */,
			);
			name = Frameworks;
			sourceTree = "<group>";
		};
		5E49371F3E97D091EEE731A1 /* Pods */ = {
			isa = PBXGroup;
			children = (
				3EBD5A1EB1EA7942C1F32D83 /* Pods-Podcast.debug.xcconfig */,
				C8565D218B9ECADB7C14E065 /* Pods-Podcast.release.xcconfig */,
			);
			path = Pods;
			sourceTree = "<group>";
		};
		7201046E253AF76A00D0F3F4 = {
			isa = PBXGroup;
			children = (
				72010479253AF76A00D0F3F4 /* Podcast */,
				72010478253AF76A00D0F3F4 /* Products */,
				5E49371F3E97D091EEE731A1 /* Pods */,
				477DA7C76D9362159CF09BA7 /* Frameworks */,
			);
			sourceTree = "<group>";
		};
		72010478253AF76A00D0F3F4 /* Products */ = {
			isa = PBXGroup;
			children = (
				72010477253AF76A00D0F3F4 /* Podcast.app */,
			);
			name = Products;
			sourceTree = "<group>";
		};
		72010479253AF76A00D0F3F4 /* Podcast */ = {
			isa = PBXGroup;
			children = (
				72B83501253F172400351DA6 /* API */,
				72010493253C0AAE00D0F3F4 /* Models */,
				7248C29F253F83D60063B0C4 /* Views */,
				72010490253C07EC00D0F3F4 /* Controllers */,
				7201047A253AF76A00D0F3F4 /* AppDelegate.swift */,
				7201047E253AF76A00D0F3F4 /* ViewController.swift */,
				7201048E253AF7BB00D0F3F4 /* MainTabBarController.swift */,
				72AE62B12541808C00421131 /* Extensions */,
				72010480253AF76A00D0F3F4 /* Main.storyboard */,
				72010483253AF76B00D0F3F4 /* Assets.xcassets */,
				72010485253AF76B00D0F3F4 /* LaunchScreen.storyboard */,
				72010488253AF76B00D0F3F4 /* Info.plist */,
			);
			path = Podcast;
			sourceTree = "<group>";
		};
		72010490253C07EC00D0F3F4 /* Controllers */ = {
			isa = PBXGroup;
			children = (
				72010491253C081F00D0F3F4 /* PodcastsSearchController.swift */,
				72B2B4A92541871000F4AFC2 /* EpisodesController.swift */,
			);
			path = Controllers;
			sourceTree = "<group>";
		};
		72010493253C0AAE00D0F3F4 /* Models */ = {
			isa = PBXGroup;
			children = (
				72010494253C0AC300D0F3F4 /* Podcast.swift */,
				72A67BA32542F356007E9FF5 /* Episode.swift */,
			);
			path = Models;
			sourceTree = "<group>";
		};
		7248C29F253F83D60063B0C4 /* Views */ = {
			isa = PBXGroup;
			children = (
				7248C2A0253F84050063B0C4 /* PodcastCell.xib */,
				7248C2A2253F864F0063B0C4 /* PodcastCell.swift */,
				72A67BA52542F712007E9FF5 /* EpisodeCell.swift */,
				72A67BA62542F712007E9FF5 /* EpisodeCell.xib */,
			);
			path = Views;
			sourceTree = "<group>";
		};
		72AE62B12541808C00421131 /* Extensions */ = {
			isa = PBXGroup;
			children = (
				72AE62B22541813700421131 /* UIColor+hexColor.swift */,
				7227B85B2544C35100439A17 /* String.swift */,
				7227B85D2544C47900439A17 /* RSSFeed.swift */,
			);
			path = Extensions;
			sourceTree = "<group>";
		};
		72B83501253F172400351DA6 /* API */ = {
			isa = PBXGroup;
			children = (
				72B83502253F174200351DA6 /* APIService.swift */,
			);
			path = API;
			sourceTree = "<group>";
		};
/* End PBXGroup section */

/* Begin PBXNativeTarget section */
		72010476253AF76A00D0F3F4 /* Podcast */ = {
			isa = PBXNativeTarget;
			buildConfigurationList = 7201048B253AF76B00D0F3F4 /* Build configuration list for PBXNativeTarget "Podcast" */;
			buildPhases = (
				4B3552B479F13B5F2D80D25F /* [CP] Check Pods Manifest.lock */,
				72010473253AF76A00D0F3F4 /* Sources */,
				72010474253AF76A00D0F3F4 /* Frameworks */,
				72010475253AF76A00D0F3F4 /* Resources */,
				3472BC1A14F0BD0D9CD39355 /* [CP] Embed Pods Frameworks */,
			);
			buildRules = (
			);
			dependencies = (
			);
			name = Podcast;
			productName = Podcast;
			productReference = 72010477253AF76A00D0F3F4 /* Podcast.app */;
			productType = "com.apple.product-type.application";
		};
/* End PBXNativeTarget section */

/* Begin PBXProject section */
		7201046F253AF76A00D0F3F4 /* Project object */ = {
			isa = PBXProject;
			attributes = {
				LastSwiftUpdateCheck = 1170;
				LastUpgradeCheck = 1170;
				ORGANIZATIONNAME = "Ahmet Acar";
				TargetAttributes = {
					72010476253AF76A00D0F3F4 = {
						CreatedOnToolsVersion = 11.7;
					};
				};
			};
			buildConfigurationList = 72010472253AF76A00D0F3F4 /* Build configuration list for PBXProject "Podcast" */;
			compatibilityVersion = "Xcode 9.3";
			developmentRegion = en;
			hasScannedForEncodings = 0;
			knownRegions = (
				en,
				Base,
			);
			mainGroup = 7201046E253AF76A00D0F3F4;
			productRefGroup = 72010478253AF76A00D0F3F4 /* Products */;
			projectDirPath = "";
			projectRoot = "";
			targets = (
				72010476253AF76A00D0F3F4 /* Podcast */,
			);
		};
/* End PBXProject section */

/* Begin PBXResourcesBuildPhase section */
		72010475253AF76A00D0F3F4 /* Resources */ = {
			isa = PBXResourcesBuildPhase;
			buildActionMask = 2147483647;
			files = (
				72010487253AF76B00D0F3F4 /* LaunchScreen.storyboard in Resources */,
				72010484253AF76B00D0F3F4 /* Assets.xcassets in Resources */,
				72A67BA82542F712007E9FF5 /* EpisodeCell.xib in Resources */,
				7248C2A1253F84050063B0C4 /* PodcastCell.xib in Resources */,
				72010482253AF76A00D0F3F4 /* Main.storyboard in Resources */,
			);
			runOnlyForDeploymentPostprocessing = 0;
		};
/* End PBXResourcesBuildPhase section */

/* Begin PBXShellScriptBuildPhase section */
		3472BC1A14F0BD0D9CD39355 /* [CP] Embed Pods Frameworks */ = {
			isa = PBXShellScriptBuildPhase;
			buildActionMask = 2147483647;
			files = (
			);
			inputFileListPaths = (
				"${PODS_ROOT}/Target Support Files/Pods-Podcast/Pods-Podcast-frameworks-${CONFIGURATION}-input-files.xcfilelist",
			);
			name = "[CP] Embed Pods Frameworks";
			outputFileListPaths = (
				"${PODS_ROOT}/Target Support Files/Pods-Podcast/Pods-Podcast-frameworks-${CONFIGURATION}-output-files.xcfilelist",
			);
			runOnlyForDeploymentPostprocessing = 0;
			shellPath = /bin/sh;
			shellScript = "\"${PODS_ROOT}/Target Support Files/Pods-Podcast/Pods-Podcast-frameworks.sh\"\n";
			showEnvVarsInLog = 0;
		};
		4B3552B479F13B5F2D80D25F /* [CP] Check Pods Manifest.lock */ = {
			isa = PBXShellScriptBuildPhase;
			buildActionMask = 2147483647;
			files = (
			);
			inputFileListPaths = (
			);
			inputPaths = (
				"${PODS_PODFILE_DIR_PATH}/Podfile.lock",
				"${PODS_ROOT}/Manifest.lock",
			);
			name = "[CP] Check Pods Manifest.lock";
			outputFileListPaths = (
			);
			outputPaths = (
				"$(DERIVED_FILE_DIR)/Pods-Podcast-checkManifestLockResult.txt",
			);
			runOnlyForDeploymentPostprocessing = 0;
			shellPath = /bin/sh;
			shellScript = "diff \"${PODS_PODFILE_DIR_PATH}/Podfile.lock\" \"${PODS_ROOT}/Manifest.lock\" > /dev/null\nif [ $? != 0 ] ; then\n    # print error to STDERR\n    echo \"error: The sandbox is not in sync with the Podfile.lock. Run 'pod install' or update your CocoaPods installation.\" >&2\n    exit 1\nfi\n# This output is used by Xcode 'outputs' to avoid re-running this script phase.\necho \"SUCCESS\" > \"${SCRIPT_OUTPUT_FILE_0}\"\n";
			showEnvVarsInLog = 0;
		};
/* End PBXShellScriptBuildPhase section */

/* Begin PBXSourcesBuildPhase section */
		72010473253AF76A00D0F3F4 /* Sources */ = {
			isa = PBXSourcesBuildPhase;
			buildActionMask = 2147483647;
			files = (
				7227B85E2544C47900439A17 /* RSSFeed.swift in Sources */,
				72010492253C081F00D0F3F4 /* PodcastsSearchController.swift in Sources */,
				7201047F253AF76A00D0F3F4 /* ViewController.swift in Sources */,
				7201047B253AF76A00D0F3F4 /* AppDelegate.swift in Sources */,
				72A67BA72542F712007E9FF5 /* EpisodeCell.swift in Sources */,
				72A67BA42542F356007E9FF5 /* Episode.swift in Sources */,
				7201048F253AF7BB00D0F3F4 /* MainTabBarController.swift in Sources */,
				7227B85C2544C35100439A17 /* String.swift in Sources */,
				72B83503253F174200351DA6 /* APIService.swift in Sources */,
				72AE62B32541813700421131 /* UIColor+hexColor.swift in Sources */,
				72010495253C0AC300D0F3F4 /* Podcast.swift in Sources */,
				7248C2A3253F864F0063B0C4 /* PodcastCell.swift in Sources */,
				72B2B4AA2541871000F4AFC2 /* EpisodesController.swift in Sources */,
			);
			runOnlyForDeploymentPostprocessing = 0;
		};
/* End PBXSourcesBuildPhase section */

/* Begin PBXVariantGroup section */
		72010480253AF76A00D0F3F4 /* Main.storyboard */ = {
			isa = PBXVariantGroup;
			children = (
				72010481253AF76A00D0F3F4 /* Base */,
			);
			name = Main.storyboard;
			sourceTree = "<group>";
		};
		72010485253AF76B00D0F3F4 /* LaunchScreen.storyboard */ = {
			isa = PBXVariantGroup;
			children = (
				72010486253AF76B00D0F3F4 /* Base */,
			);
			name = LaunchScreen.storyboard;
			sourceTree = "<group>";
		};
/* End PBXVariantGroup section */

/* Begin XCBuildConfiguration section */
		72010489253AF76B00D0F3F4 /* Debug */ = {
			isa = XCBuildConfiguration;
			buildSettings = {
				ALWAYS_SEARCH_USER_PATHS = NO;
				CLANG_ANALYZER_NONNULL = YES;
				CLANG_ANALYZER_NUMBER_OBJECT_CONVERSION = YES_AGGRESSIVE;
				CLANG_CXX_LANGUAGE_STANDARD = "gnu++14";
				CLANG_CXX_LIBRARY = "libc++";
				CLANG_ENABLE_MODULES = YES;
				CLANG_ENABLE_OBJC_ARC = YES;
				CLANG_ENABLE_OBJC_WEAK = YES;
				CLANG_WARN_BLOCK_CAPTURE_AUTORELEASING = YES;
				CLANG_WARN_BOOL_CONVERSION = YES;
				CLANG_WARN_COMMA = YES;
				CLANG_WARN_CONSTANT_CONVERSION = YES;
				CLANG_WARN_DEPRECATED_OBJC_IMPLEMENTATIONS = YES;
				CLANG_WARN_DIRECT_OBJC_ISA_USAGE = YES_ERROR;
				CLANG_WARN_DOCUMENTATION_COMMENTS = YES;
				CLANG_WARN_EMPTY_BODY = YES;
				CLANG_WARN_ENUM_CONVERSION = YES;
				CLANG_WARN_INFINITE_RECURSION = YES;
				CLANG_WARN_INT_CONVERSION = YES;
				CLANG_WARN_NON_LITERAL_NULL_CONVERSION = YES;
				CLANG_WARN_OBJC_IMPLICIT_RETAIN_SELF = YES;
				CLANG_WARN_OBJC_LITERAL_CONVERSION = YES;
				CLANG_WARN_OBJC_ROOT_CLASS = YES_ERROR;
				CLANG_WARN_RANGE_LOOP_ANALYSIS = YES;
				CLANG_WARN_STRICT_PROTOTYPES = YES;
				CLANG_WARN_SUSPICIOUS_MOVE = YES;
				CLANG_WARN_UNGUARDED_AVAILABILITY = YES_AGGRESSIVE;
				CLANG_WARN_UNREACHABLE_CODE = YES;
				CLANG_WARN__DUPLICATE_METHOD_MATCH = YES;
				COPY_PHASE_STRIP = NO;
				DEBUG_INFORMATION_FORMAT = dwarf;
				ENABLE_STRICT_OBJC_MSGSEND = YES;
				ENABLE_TESTABILITY = YES;
				GCC_C_LANGUAGE_STANDARD = gnu11;
				GCC_DYNAMIC_NO_PIC = NO;
				GCC_NO_COMMON_BLOCKS = YES;
				GCC_OPTIMIZATION_LEVEL = 0;
				GCC_PREPROCESSOR_DEFINITIONS = (
					"DEBUG=1",
					"$(inherited)",
				);
				GCC_WARN_64_TO_32_BIT_CONVERSION = YES;
				GCC_WARN_ABOUT_RETURN_TYPE = YES_ERROR;
				GCC_WARN_UNDECLARED_SELECTOR = YES;
				GCC_WARN_UNINITIALIZED_AUTOS = YES_AGGRESSIVE;
				GCC_WARN_UNUSED_FUNCTION = YES;
				GCC_WARN_UNUSED_VARIABLE = YES;
				IPHONEOS_DEPLOYMENT_TARGET = 13.7;
				MTL_ENABLE_DEBUG_INFO = INCLUDE_SOURCE;
				MTL_FAST_MATH = YES;
				ONLY_ACTIVE_ARCH = YES;
				SDKROOT = iphoneos;
				SWIFT_ACTIVE_COMPILATION_CONDITIONS = DEBUG;
				SWIFT_OPTIMIZATION_LEVEL = "-Onone";
			};
			name = Debug;
		};
		7201048A253AF76B00D0F3F4 /* Release */ = {
			isa = XCBuildConfiguration;
			buildSettings = {
				ALWAYS_SEARCH_USER_PATHS = NO;
				CLANG_ANALYZER_NONNULL = YES;
				CLANG_ANALYZER_NUMBER_OBJECT_CONVERSION = YES_AGGRESSIVE;
				CLANG_CXX_LANGUAGE_STANDARD = "gnu++14";
				CLANG_CXX_LIBRARY = "libc++";
				CLANG_ENABLE_MODULES = YES;
				CLANG_ENABLE_OBJC_ARC = YES;
				CLANG_ENABLE_OBJC_WEAK = YES;
				CLANG_WARN_BLOCK_CAPTURE_AUTORELEASING = YES;
				CLANG_WARN_BOOL_CONVERSION = YES;
				CLANG_WARN_COMMA = YES;
				CLANG_WARN_CONSTANT_CONVERSION = YES;
				CLANG_WARN_DEPRECATED_OBJC_IMPLEMENTATIONS = YES;
				CLANG_WARN_DIRECT_OBJC_ISA_USAGE = YES_ERROR;
				CLANG_WARN_DOCUMENTATION_COMMENTS = YES;
				CLANG_WARN_EMPTY_BODY = YES;
				CLANG_WARN_ENUM_CONVERSION = YES;
				CLANG_WARN_INFINITE_RECURSION = YES;
				CLANG_WARN_INT_CONVERSION = YES;
				CLANG_WARN_NON_LITERAL_NULL_CONVERSION = YES;
				CLANG_WARN_OBJC_IMPLICIT_RETAIN_SELF = YES;
				CLANG_WARN_OBJC_LITERAL_CONVERSION = YES;
				CLANG_WARN_OBJC_ROOT_CLASS = YES_ERROR;
				CLANG_WARN_RANGE_LOOP_ANALYSIS = YES;
				CLANG_WARN_STRICT_PROTOTYPES = YES;
				CLANG_WARN_SUSPICIOUS_MOVE = YES;
				CLANG_WARN_UNGUARDED_AVAILABILITY = YES_AGGRESSIVE;
				CLANG_WARN_UNREACHABLE_CODE = YES;
				CLANG_WARN__DUPLICATE_METHOD_MATCH = YES;
				COPY_PHASE_STRIP = NO;
				DEBUG_INFORMATION_FORMAT = "dwarf-with-dsym";
				ENABLE_NS_ASSERTIONS = NO;
				ENABLE_STRICT_OBJC_MSGSEND = YES;
				GCC_C_LANGUAGE_STANDARD = gnu11;
				GCC_NO_COMMON_BLOCKS = YES;
				GCC_WARN_64_TO_32_BIT_CONVERSION = YES;
				GCC_WARN_ABOUT_RETURN_TYPE = YES_ERROR;
				GCC_WARN_UNDECLARED_SELECTOR = YES;
				GCC_WARN_UNINITIALIZED_AUTOS = YES_AGGRESSIVE;
				GCC_WARN_UNUSED_FUNCTION = YES;
				GCC_WARN_UNUSED_VARIABLE = YES;
				IPHONEOS_DEPLOYMENT_TARGET = 13.7;
				MTL_ENABLE_DEBUG_INFO = NO;
				MTL_FAST_MATH = YES;
				SDKROOT = iphoneos;
				SWIFT_COMPILATION_MODE = wholemodule;
				SWIFT_OPTIMIZATION_LEVEL = "-O";
				VALIDATE_PRODUCT = YES;
			};
			name = Release;
		};
		7201048C253AF76B00D0F3F4 /* Debug */ = {
			isa = XCBuildConfiguration;
			baseConfigurationReference = 3EBD5A1EB1EA7942C1F32D83 /* Pods-Podcast.debug.xcconfig */;
			buildSettings = {
				ASSETCATALOG_COMPILER_APPICON_NAME = AppIcon;
				CODE_SIGN_STYLE = Automatic;
				DEVELOPMENT_TEAM = K5SV4NGHT7;
				INFOPLIST_FILE = Podcast/Info.plist;
				LD_RUNPATH_SEARCH_PATHS = (
					"$(inherited)",
					"@executable_path/Frameworks",
				);
				PRODUCT_BUNDLE_IDENTIFIER = ahmetacar.com.Podcast;
				PRODUCT_NAME = "$(TARGET_NAME)";
				SWIFT_VERSION = 5.0;
				TARGETED_DEVICE_FAMILY = "1,2";
			};
			name = Debug;
		};
		7201048D253AF76B00D0F3F4 /* Release */ = {
			isa = XCBuildConfiguration;
			baseConfigurationReference = C8565D218B9ECADB7C14E065 /* Pods-Podcast.release.xcconfig */;
			buildSettings = {
				ASSETCATALOG_COMPILER_APPICON_NAME = AppIcon;
				CODE_SIGN_STYLE = Automatic;
				DEVELOPMENT_TEAM = K5SV4NGHT7;
				INFOPLIST_FILE = Podcast/Info.plist;
				LD_RUNPATH_SEARCH_PATHS = (
					"$(inherited)",
					"@executable_path/Frameworks",
				);
				PRODUCT_BUNDLE_IDENTIFIER = ahmetacar.com.Podcast;
				PRODUCT_NAME = "$(TARGET_NAME)";
				SWIFT_VERSION = 5.0;
				TARGETED_DEVICE_FAMILY = "1,2";
			};
			name = Release;
		};
/* End XCBuildConfiguration section */

/* Begin XCConfigurationList section */
		72010472253AF76A00D0F3F4 /* Build configuration list for PBXProject "Podcast" */ = {
			isa = XCConfigurationList;
			buildConfigurations = (
				72010489253AF76B00D0F3F4 /* Debug */,
				7201048A253AF76B00D0F3F4 /* Release */,
			);
			defaultConfigurationIsVisible = 0;
			defaultConfigurationName = Release;
		};
		7201048B253AF76B00D0F3F4 /* Build configuration list for PBXNativeTarget "Podcast" */ = {
			isa = XCConfigurationList;
			buildConfigurations = (
				7201048C253AF76B00D0F3F4 /* Debug */,
				7201048D253AF76B00D0F3F4 /* Release */,
			);
			defaultConfigurationIsVisible = 0;
			defaultConfigurationName = Release;
		};
/* End XCConfigurationList section */
	};
	rootObject = 7201046F253AF76A00D0F3F4 /* Project object */;
}
